
Microsoft Visual Studio Solution File, Format Version 12.00
# Visual Studio Version 16
VisualStudioVersion = 16.0.31729.503
MinimumVisualStudioVersion = 10.0.40219.1
Project("{FAE04EC0-301F-11D3-BF4B-00C04F79EFBC}") = "Bai37", "Bai37\Bai37.csproj", "{5A0175EA-9741-4CA7-86AC-6ADD86CC9479}"
EndProject
Global
	GlobalSection(SolutionConfigurationPlatforms) = preSolution
		Debug|Any CPU = Debug|Any CPU
		Release|Any CPU = Release|Any CPU
	EndGlobalSection
	GlobalSection(ProjectConfigurationPlatforms) = postSolution
		{5A0175EA-9741-4CA7-86AC-6ADD86CC9479}.Debug|Any CPU.ActiveCfg = Debug|Any CPU
		{5A0175EA-9741-4CA7-86AC-6ADD86CC9479}.Debug|Any CPU.Build.0 = Debug|Any CPU
		{5A0175EA-9741-4CA7-86AC-6ADD86CC9479}.Release|Any CPU.ActiveCfg = Release|Any CPU
		{5A0175EA-9741-4CA7-86AC-6ADD86CC9479}.Release|Any CPU.Build.0 = Release|Any CPU
	EndGlobalSection
	GlobalSection(SolutionProperties) = preSolution
		HideSolutionNode = FALSE
	EndGlobalSection
	GlobalSection(ExtensibilityGlobals) = postSolution
		SolutionGuid = {4755BE7F-D2DE-41D2-9FE2-387F59319793}
	EndGlobalSection
EndGlobal
