
Microsoft Visual Studio Solution File, Format Version 12.00
# Visual Studio Version 16
VisualStudioVersion = 16.0.31729.503
MinimumVisualStudioVersion = 10.0.40219.1
Project("{FAE04EC0-301F-11D3-BF4B-00C04F79EFBC}") = "Bai22", "Bai22\Bai22.csproj", "{D173FEB6-91FC-4E7E-AF53-2A4DA26A6ED1}"
EndProject
Global
	GlobalSection(SolutionConfigurationPlatforms) = preSolution
		Debug|Any CPU = Debug|Any CPU
		Release|Any CPU = Release|Any CPU
	EndGlobalSection
	GlobalSection(ProjectConfigurationPlatforms) = postSolution
		{D173FEB6-91FC-4E7E-AF53-2A4DA26A6ED1}.Debug|Any CPU.ActiveCfg = Debug|Any CPU
		{D173FEB6-91FC-4E7E-AF53-2A4DA26A6ED1}.Debug|Any CPU.Build.0 = Debug|Any CPU
		{D173FEB6-91FC-4E7E-AF53-2A4DA26A6ED1}.Release|Any CPU.ActiveCfg = Release|Any CPU
		{D173FEB6-91FC-4E7E-AF53-2A4DA26A6ED1}.Release|Any CPU.Build.0 = Release|Any CPU
	EndGlobalSection
	GlobalSection(SolutionProperties) = preSolution
		HideSolutionNode = FALSE
	EndGlobalSection
	GlobalSection(ExtensibilityGlobals) = postSolution
		SolutionGuid = {A53DD04D-CC9D-4EA5-85ED-3C932665AE1C}
	EndGlobalSection
EndGlobal
