
Microsoft Visual Studio Solution File, Format Version 12.00
# Visual Studio Version 16
VisualStudioVersion = 16.0.31729.503
MinimumVisualStudioVersion = 10.0.40219.1
Project("{FAE04EC0-301F-11D3-BF4B-00C04F79EFBC}") = "Bai36", "Bai36\Bai36.csproj", "{34528C3D-62CF-488E-93F7-728316EC500A}"
EndProject
Global
	GlobalSection(SolutionConfigurationPlatforms) = preSolution
		Debug|Any CPU = Debug|Any CPU
		Release|Any CPU = Release|Any CPU
	EndGlobalSection
	GlobalSection(ProjectConfigurationPlatforms) = postSolution
		{34528C3D-62CF-488E-93F7-728316EC500A}.Debug|Any CPU.ActiveCfg = Debug|Any CPU
		{34528C3D-62CF-488E-93F7-728316EC500A}.Debug|Any CPU.Build.0 = Debug|Any CPU
		{34528C3D-62CF-488E-93F7-728316EC500A}.Release|Any CPU.ActiveCfg = Release|Any CPU
		{34528C3D-62CF-488E-93F7-728316EC500A}.Release|Any CPU.Build.0 = Release|Any CPU
	EndGlobalSection
	GlobalSection(SolutionProperties) = preSolution
		HideSolutionNode = FALSE
	EndGlobalSection
	GlobalSection(ExtensibilityGlobals) = postSolution
		SolutionGuid = {9A986140-D025-4755-9A84-F9581C69DA06}
	EndGlobalSection
EndGlobal
