
Microsoft Visual Studio Solution File, Format Version 12.00
# Visual Studio Version 16
VisualStudioVersion = 16.0.31729.503
MinimumVisualStudioVersion = 10.0.40219.1
Project("{FAE04EC0-301F-11D3-BF4B-00C04F79EFBC}") = "Bai45", "Bai45\Bai45.csproj", "{09B3CEEB-6DEE-4437-8A48-4173C9CFDCB2}"
EndProject
Global
	GlobalSection(SolutionConfigurationPlatforms) = preSolution
		Debug|Any CPU = Debug|Any CPU
		Release|Any CPU = Release|Any CPU
	EndGlobalSection
	GlobalSection(ProjectConfigurationPlatforms) = postSolution
		{09B3CEEB-6DEE-4437-8A48-4173C9CFDCB2}.Debug|Any CPU.ActiveCfg = Debug|Any CPU
		{09B3CEEB-6DEE-4437-8A48-4173C9CFDCB2}.Debug|Any CPU.Build.0 = Debug|Any CPU
		{09B3CEEB-6DEE-4437-8A48-4173C9CFDCB2}.Release|Any CPU.ActiveCfg = Release|Any CPU
		{09B3CEEB-6DEE-4437-8A48-4173C9CFDCB2}.Release|Any CPU.Build.0 = Release|Any CPU
	EndGlobalSection
	GlobalSection(SolutionProperties) = preSolution
		HideSolutionNode = FALSE
	EndGlobalSection
	GlobalSection(ExtensibilityGlobals) = postSolution
		SolutionGuid = {B45EB8AE-D3B1-429A-BFC4-86C1C1B906B7}
	EndGlobalSection
EndGlobal
