
Microsoft Visual Studio Solution File, Format Version 12.00
# Visual Studio Version 16
VisualStudioVersion = 16.0.31729.503
MinimumVisualStudioVersion = 10.0.40219.1
Project("{9A19103F-16F7-4668-BE54-9A1E7A4F7556}") = "Bai06", "Bai06\Bai06.csproj", "{C5E1E14F-8759-4B49-BC6D-8DA8BE514B89}"
EndProject
Global
	GlobalSection(SolutionConfigurationPlatforms) = preSolution
		Debug|Any CPU = Debug|Any CPU
		Release|Any CPU = Release|Any CPU
	EndGlobalSection
	GlobalSection(ProjectConfigurationPlatforms) = postSolution
		{C5E1E14F-8759-4B49-BC6D-8DA8BE514B89}.Debug|Any CPU.ActiveCfg = Debug|Any CPU
		{C5E1E14F-8759-4B49-BC6D-8DA8BE514B89}.Debug|Any CPU.Build.0 = Debug|Any CPU
		{C5E1E14F-8759-4B49-BC6D-8DA8BE514B89}.Release|Any CPU.ActiveCfg = Release|Any CPU
		{C5E1E14F-8759-4B49-BC6D-8DA8BE514B89}.Release|Any CPU.Build.0 = Release|Any CPU
	EndGlobalSection
	GlobalSection(SolutionProperties) = preSolution
		HideSolutionNode = FALSE
	EndGlobalSection
	GlobalSection(ExtensibilityGlobals) = postSolution
		SolutionGuid = {F08E7575-4BF5-4B1D-ADDD-66960D73FF3F}
	EndGlobalSection
EndGlobal
