
Microsoft Visual Studio Solution File, Format Version 12.00
# Visual Studio Version 16
VisualStudioVersion = 16.0.31729.503
MinimumVisualStudioVersion = 10.0.40219.1
Project("{FAE04EC0-301F-11D3-BF4B-00C04F79EFBC}") = "Bai35", "Bai35\Bai35.csproj", "{3A29D1FB-B2CF-45C2-BEAB-531C81EF2361}"
EndProject
Global
	GlobalSection(SolutionConfigurationPlatforms) = preSolution
		Debug|Any CPU = Debug|Any CPU
		Release|Any CPU = Release|Any CPU
	EndGlobalSection
	GlobalSection(ProjectConfigurationPlatforms) = postSolution
		{3A29D1FB-B2CF-45C2-BEAB-531C81EF2361}.Debug|Any CPU.ActiveCfg = Debug|Any CPU
		{3A29D1FB-B2CF-45C2-BEAB-531C81EF2361}.Debug|Any CPU.Build.0 = Debug|Any CPU
		{3A29D1FB-B2CF-45C2-BEAB-531C81EF2361}.Release|Any CPU.ActiveCfg = Release|Any CPU
		{3A29D1FB-B2CF-45C2-BEAB-531C81EF2361}.Release|Any CPU.Build.0 = Release|Any CPU
	EndGlobalSection
	GlobalSection(SolutionProperties) = preSolution
		HideSolutionNode = FALSE
	EndGlobalSection
	GlobalSection(ExtensibilityGlobals) = postSolution
		SolutionGuid = {E1C49E04-76CA-4C02-B6CE-7536178007D4}
	EndGlobalSection
EndGlobal
