
Microsoft Visual Studio Solution File, Format Version 12.00
# Visual Studio Version 16
VisualStudioVersion = 16.0.31729.503
MinimumVisualStudioVersion = 10.0.40219.1
Project("{FAE04EC0-301F-11D3-BF4B-00C04F79EFBC}") = "Bai48", "Bai48\Bai48.csproj", "{565849A3-EA9F-494E-AC9E-5D8D4D953B62}"
EndProject
Global
	GlobalSection(SolutionConfigurationPlatforms) = preSolution
		Debug|Any CPU = Debug|Any CPU
		Release|Any CPU = Release|Any CPU
	EndGlobalSection
	GlobalSection(ProjectConfigurationPlatforms) = postSolution
		{565849A3-EA9F-494E-AC9E-5D8D4D953B62}.Debug|Any CPU.ActiveCfg = Debug|Any CPU
		{565849A3-EA9F-494E-AC9E-5D8D4D953B62}.Debug|Any CPU.Build.0 = Debug|Any CPU
		{565849A3-EA9F-494E-AC9E-5D8D4D953B62}.Release|Any CPU.ActiveCfg = Release|Any CPU
		{565849A3-EA9F-494E-AC9E-5D8D4D953B62}.Release|Any CPU.Build.0 = Release|Any CPU
	EndGlobalSection
	GlobalSection(SolutionProperties) = preSolution
		HideSolutionNode = FALSE
	EndGlobalSection
	GlobalSection(ExtensibilityGlobals) = postSolution
		SolutionGuid = {24E79FE2-47B6-4943-AA08-F8FD00D60598}
	EndGlobalSection
EndGlobal
