
Microsoft Visual Studio Solution File, Format Version 12.00
# Visual Studio Version 16
VisualStudioVersion = 16.0.31729.503
MinimumVisualStudioVersion = 10.0.40219.1
Project("{FAE04EC0-301F-11D3-BF4B-00C04F79EFBC}") = "Bai49", "Bai49\Bai49.csproj", "{CEA0B1CC-A78B-4A40-B225-850883FB34A1}"
EndProject
Global
	GlobalSection(SolutionConfigurationPlatforms) = preSolution
		Debug|Any CPU = Debug|Any CPU
		Release|Any CPU = Release|Any CPU
	EndGlobalSection
	GlobalSection(ProjectConfigurationPlatforms) = postSolution
		{CEA0B1CC-A78B-4A40-B225-850883FB34A1}.Debug|Any CPU.ActiveCfg = Debug|Any CPU
		{CEA0B1CC-A78B-4A40-B225-850883FB34A1}.Debug|Any CPU.Build.0 = Debug|Any CPU
		{CEA0B1CC-A78B-4A40-B225-850883FB34A1}.Release|Any CPU.ActiveCfg = Release|Any CPU
		{CEA0B1CC-A78B-4A40-B225-850883FB34A1}.Release|Any CPU.Build.0 = Release|Any CPU
	EndGlobalSection
	GlobalSection(SolutionProperties) = preSolution
		HideSolutionNode = FALSE
	EndGlobalSection
	GlobalSection(ExtensibilityGlobals) = postSolution
		SolutionGuid = {F69CB503-8937-4020-AB22-D679EC6B2D0C}
	EndGlobalSection
EndGlobal
