
Microsoft Visual Studio Solution File, Format Version 12.00
# Visual Studio Version 16
VisualStudioVersion = 16.0.31729.503
MinimumVisualStudioVersion = 10.0.40219.1
Project("{FAE04EC0-301F-11D3-BF4B-00C04F79EFBC}") = "Bai51", "Bai51\Bai51.csproj", "{9C1FD1A7-7CD0-44A8-9EA3-1B8613E5623B}"
EndProject
Global
	GlobalSection(SolutionConfigurationPlatforms) = preSolution
		Debug|Any CPU = Debug|Any CPU
		Release|Any CPU = Release|Any CPU
	EndGlobalSection
	GlobalSection(ProjectConfigurationPlatforms) = postSolution
		{9C1FD1A7-7CD0-44A8-9EA3-1B8613E5623B}.Debug|Any CPU.ActiveCfg = Debug|Any CPU
		{9C1FD1A7-7CD0-44A8-9EA3-1B8613E5623B}.Debug|Any CPU.Build.0 = Debug|Any CPU
		{9C1FD1A7-7CD0-44A8-9EA3-1B8613E5623B}.Release|Any CPU.ActiveCfg = Release|Any CPU
		{9C1FD1A7-7CD0-44A8-9EA3-1B8613E5623B}.Release|Any CPU.Build.0 = Release|Any CPU
	EndGlobalSection
	GlobalSection(SolutionProperties) = preSolution
		HideSolutionNode = FALSE
	EndGlobalSection
	GlobalSection(ExtensibilityGlobals) = postSolution
		SolutionGuid = {8A12C12E-C4C3-4B01-8947-4E82D7E5EAD0}
	EndGlobalSection
EndGlobal
