
Microsoft Visual Studio Solution File, Format Version 12.00
# Visual Studio Version 16
VisualStudioVersion = 16.0.31729.503
MinimumVisualStudioVersion = 10.0.40219.1
Project("{FAE04EC0-301F-11D3-BF4B-00C04F79EFBC}") = "Bai63", "Bai63\Bai63.csproj", "{73C21550-2324-454A-81F2-C9EB97B52C5B}"
EndProject
Global
	GlobalSection(SolutionConfigurationPlatforms) = preSolution
		Debug|Any CPU = Debug|Any CPU
		Release|Any CPU = Release|Any CPU
	EndGlobalSection
	GlobalSection(ProjectConfigurationPlatforms) = postSolution
		{73C21550-2324-454A-81F2-C9EB97B52C5B}.Debug|Any CPU.ActiveCfg = Debug|Any CPU
		{73C21550-2324-454A-81F2-C9EB97B52C5B}.Debug|Any CPU.Build.0 = Debug|Any CPU
		{73C21550-2324-454A-81F2-C9EB97B52C5B}.Release|Any CPU.ActiveCfg = Release|Any CPU
		{73C21550-2324-454A-81F2-C9EB97B52C5B}.Release|Any CPU.Build.0 = Release|Any CPU
	EndGlobalSection
	GlobalSection(SolutionProperties) = preSolution
		HideSolutionNode = FALSE
	EndGlobalSection
	GlobalSection(ExtensibilityGlobals) = postSolution
		SolutionGuid = {6091EDAF-031A-49FB-8CAC-DB258F892AB7}
	EndGlobalSection
EndGlobal
