
Microsoft Visual Studio Solution File, Format Version 12.00
# Visual Studio Version 16
VisualStudioVersion = 16.0.31729.503
MinimumVisualStudioVersion = 10.0.40219.1
Project("{FAE04EC0-301F-11D3-BF4B-00C04F79EFBC}") = "Bai29", "Bai29\Bai29.csproj", "{60243FE3-EA0E-4550-81BB-F28DF3674993}"
EndProject
Global
	GlobalSection(SolutionConfigurationPlatforms) = preSolution
		Debug|Any CPU = Debug|Any CPU
		Release|Any CPU = Release|Any CPU
	EndGlobalSection
	GlobalSection(ProjectConfigurationPlatforms) = postSolution
		{60243FE3-EA0E-4550-81BB-F28DF3674993}.Debug|Any CPU.ActiveCfg = Debug|Any CPU
		{60243FE3-EA0E-4550-81BB-F28DF3674993}.Debug|Any CPU.Build.0 = Debug|Any CPU
		{60243FE3-EA0E-4550-81BB-F28DF3674993}.Release|Any CPU.ActiveCfg = Release|Any CPU
		{60243FE3-EA0E-4550-81BB-F28DF3674993}.Release|Any CPU.Build.0 = Release|Any CPU
	EndGlobalSection
	GlobalSection(SolutionProperties) = preSolution
		HideSolutionNode = FALSE
	EndGlobalSection
	GlobalSection(ExtensibilityGlobals) = postSolution
		SolutionGuid = {136E93EE-7F8D-4750-B71E-9373BF6FBD17}
	EndGlobalSection
EndGlobal
