
Microsoft Visual Studio Solution File, Format Version 12.00
# Visual Studio Version 16
VisualStudioVersion = 16.0.31729.503
MinimumVisualStudioVersion = 10.0.40219.1
Project("{FAE04EC0-301F-11D3-BF4B-00C04F79EFBC}") = "Bai52", "Bai52\Bai52.csproj", "{C6532796-1844-4930-9BAE-35A483BD8D84}"
EndProject
Global
	GlobalSection(SolutionConfigurationPlatforms) = preSolution
		Debug|Any CPU = Debug|Any CPU
		Release|Any CPU = Release|Any CPU
	EndGlobalSection
	GlobalSection(ProjectConfigurationPlatforms) = postSolution
		{C6532796-1844-4930-9BAE-35A483BD8D84}.Debug|Any CPU.ActiveCfg = Debug|Any CPU
		{C6532796-1844-4930-9BAE-35A483BD8D84}.Debug|Any CPU.Build.0 = Debug|Any CPU
		{C6532796-1844-4930-9BAE-35A483BD8D84}.Release|Any CPU.ActiveCfg = Release|Any CPU
		{C6532796-1844-4930-9BAE-35A483BD8D84}.Release|Any CPU.Build.0 = Release|Any CPU
	EndGlobalSection
	GlobalSection(SolutionProperties) = preSolution
		HideSolutionNode = FALSE
	EndGlobalSection
	GlobalSection(ExtensibilityGlobals) = postSolution
		SolutionGuid = {3396FA12-CFB3-4483-AB5A-7A66143FC292}
	EndGlobalSection
EndGlobal
